
Microsoft Visual Studio Solution File, Format Version 12.00
# Visual Studio 15
VisualStudioVersion = 15.0.26124.0
MinimumVisualStudioVersion = 15.0.26124.0
Project("{2150E333-8FDC-42A3-9474-1A3956D46DE8}") = "src", "src", "{25E34954-CCAE-4240-BF5D-AEDEB034D889}"
EndProject
Project("{FAE04EC0-301F-11D3-BF4B-00C04F79EFBC}") = "DotNet.Collections", "src\DotNet.Collections\DotNet.Collections.csproj", "{71C90365-1159-4936-8326-66D8986AB6AA}"
EndProject
Global
	GlobalSection(SolutionConfigurationPlatforms) = preSolution
		Debug|Any CPU = Debug|Any CPU
		Debug|x64 = Debug|x64
		Debug|x86 = Debug|x86
		Release|Any CPU = Release|Any CPU
		Release|x64 = Release|x64
		Release|x86 = Release|x86
	EndGlobalSection
	GlobalSection(SolutionProperties) = preSolution
		HideSolutionNode = FALSE
	EndGlobalSection
	GlobalSection(ProjectConfigurationPlatforms) = postSolution
		{71C90365-1159-4936-8326-66D8986AB6AA}.Debug|Any CPU.ActiveCfg = Debug|Any CPU
		{71C90365-1159-4936-8326-66D8986AB6AA}.Debug|Any CPU.Build.0 = Debug|Any CPU
		{71C90365-1159-4936-8326-66D8986AB6AA}.Debug|x64.ActiveCfg = Debug|Any CPU
		{71C90365-1159-4936-8326-66D8986AB6AA}.Debug|x64.Build.0 = Debug|Any CPU
		{71C90365-1159-4936-8326-66D8986AB6AA}.Debug|x86.ActiveCfg = Debug|Any CPU
		{71C90365-1159-4936-8326-66D8986AB6AA}.Debug|x86.Build.0 = Debug|Any CPU
		{71C90365-1159-4936-8326-66D8986AB6AA}.Release|Any CPU.ActiveCfg = Release|Any CPU
		{71C90365-1159-4936-8326-66D8986AB6AA}.Release|Any CPU.Build.0 = Release|Any CPU
		{71C90365-1159-4936-8326-66D8986AB6AA}.Release|x64.ActiveCfg = Release|Any CPU
		{71C90365-1159-4936-8326-66D8986AB6AA}.Release|x64.Build.0 = Release|Any CPU
		{71C90365-1159-4936-8326-66D8986AB6AA}.Release|x86.ActiveCfg = Release|Any CPU
		{71C90365-1159-4936-8326-66D8986AB6AA}.Release|x86.Build.0 = Release|Any CPU
	EndGlobalSection
	GlobalSection(NestedProjects) = preSolution
		{71C90365-1159-4936-8326-66D8986AB6AA} = {25E34954-CCAE-4240-BF5D-AEDEB034D889}
	EndGlobalSection
EndGlobal
